{
  "nodes": {
    "agenix": {
      "inputs": {
        "nixpkgs": "nixpkgs"
      },
      "locked": {
        "lastModified": 1631325864,
        "narHash": "sha256-bBvrjUS0qfgC4LPFthGJ5E8Fl0f5UvlrCB3o5Bnn9ys=",
        "owner": "ryantm",
        "repo": "agenix",
        "rev": "5c5bc282565f03f9c5b3d6e72b7cb985706148a6",
        "type": "github"
      },
      "original": {
        "owner": "ryantm",
        "repo": "agenix",
        "type": "github"
      }
    },
    "devshell": {
      "locked": {
        "lastModified": 1631528035,
        "narHash": "sha256-ZV4+WsrF1uaAOM2ynGzWD5dCmrWpKc+Rj1hZkodEPQY=",
        "owner": "numtide",
        "repo": "devshell",
        "rev": "dd0d585d2ed42b9d226673dd56d4fe2dfd0bf0dc",
        "type": "github"
      },
      "original": {
        "owner": "numtide",
        "repo": "devshell",
        "type": "github"
      }
    },
    "fu": {
      "locked": {
        "lastModified": 1631561581,
        "narHash": "sha256-3VQMV5zvxaVLvqqUrNz3iJelLw30mIVSfZmAaauM3dA=",
        "owner": "numtide",
        "repo": "flake-utils",
        "rev": "7e5bf3925f6fbdfaf50a2a7ca0be2879c4261d19",
        "type": "github"
      },
      "original": {
        "owner": "numtide",
        "repo": "flake-utils",
        "type": "github"
      }
    },
    "fup": {
      "inputs": {
        "flake-utils": [
          "fu"
        ]
      },
      "locked": {
        "lastModified": 1630860118,
        "narHash": "sha256-JwLcC/zRR6ypk4/Ks7plWBvThYoLhURaH2zvjuWVmyA=",
        "owner": "gytis-ivaskevicius",
        "repo": "flake-utils-plus",
        "rev": "813281281363ec45af155c8d2ceb7c5132d4de45",
        "type": "github"
      },
      "original": {
        "owner": "gytis-ivaskevicius",
        "ref": "1.3.0",
        "repo": "flake-utils-plus",
        "type": "github"
      }
    },
    "home-manager": {
      "inputs": {
        "nixpkgs": [
          "unstable"
        ]
      },
      "locked": {
        "lastModified": 1631658300,
        "narHash": "sha256-LsKiOWHtfOgatuIOSfuznj1vKfz7TYSzYPx3RzU9Ibo=",
        "owner": "nix-community",
        "repo": "home-manager",
        "rev": "562449b50354ac224adc4265803cba40b931ae7b",
        "type": "github"
      },
      "original": {
        "owner": "nix-community",
        "repo": "home-manager",
        "type": "github"
      }
    },
    "lowdown-src": {
      "flake": false,
      "locked": {
        "lastModified": 1628247802,
        "narHash": "sha256-4XSXGYvKqogR7bubyqYNwBHYCtrIn6XRGXj6+u+BXNs=",
        "owner": "kristapsdz",
        "repo": "lowdown",
        "rev": "b4483d0ef85990f54b864158ab786b4a5b3904fa",
        "type": "github"
      },
      "original": {
        "owner": "kristapsdz",
        "ref": "VERSION_0_8_6",
        "repo": "lowdown",
        "type": "github"
      }
    },
    "master": {
      "locked": {
        "lastModified": 1631676318,
        "narHash": "sha256-F7B0ZN/EgCX/8auBjGzfWHcQjHD7YB8TtHiD7laORD4=",
        "owner": "NixOS",
        "repo": "nixpkgs",
        "rev": "d91cd9654f7b14115001bf4a920bd03593d530e6",
        "type": "github"
      },
      "original": {
        "owner": "NixOS",
        "ref": "master",
        "repo": "nixpkgs",
        "type": "github"
      }
    },
    "nix": {
      "inputs": {
        "lowdown-src": "lowdown-src",
        "nixpkgs": [
          "unstable"
        ]
      },
      "locked": {
        "lastModified": 1631652811,
        "narHash": "sha256-tyTJiXXmc5R26NMv+5bB1FPv2XFqsIEEHDF9q6nVJSk=",
        "owner": "NixOS",
        "repo": "nix",
        "rev": "fda4efff873730f0065cf35f0bc5b36983d675c7",
        "type": "github"
      },
      "original": {
        "owner": "NixOS",
        "repo": "nix",
        "type": "github"
      }
    },
    "nixpkgs": {
      "locked": {
        "lastModified": 1618628710,
        "narHash": "sha256-9xIoU+BrCpjs5nfWcd/GlU7XCVdnNKJPffoNTxgGfhs=",
        "path": "/nix/store/z1rf17q0fxj935cmplzys4gg6nxj1as0-source",
        "rev": "7919518f0235106d050c77837df5e338fb94de5d",
        "type": "path"
      },
      "original": {
        "id": "nixpkgs",
        "type": "indirect"
      }
    },
    "npgh": {
      "inputs": {
        "flake-utils": [
          "fu"
        ],
        "nixpkgs": [
          "unstable"
        ]
      },
      "locked": {
        "lastModified": 1629554839,
        "narHash": "sha256-DBjDSMblDGNB6ZZjLFRuOjoCCi8egqq/yy936/4tNm0=",
        "owner": "seppeljordan",
        "repo": "nix-prefetch-github",
        "rev": "8148f732db9ba1e71520a00a85b64b643fe999cb",
        "type": "github"
      },
      "original": {
        "owner": "seppeljordan",
        "repo": "nix-prefetch-github",
        "type": "github"
      }
    },
    "root": {
      "inputs": {
        "agenix": "agenix",
        "devshell": "devshell",
        "fu": "fu",
        "fup": "fup",
        "home-manager": "home-manager",
        "master": "master",
        "nix": "nix",
        "npgh": "npgh",
        "sops-nix": "sops-nix",
        "stable": "stable",
        "unstable": "unstable",
        "vim-horizon": "vim-horizon"
      }
    },
    "sops-nix": {
      "inputs": {
        "nixpkgs": [
          "unstable"
        ]
      },
      "locked": {
        "lastModified": 1631599548,
        "narHash": "sha256-IE83PrNQTLYL1N99P+Ts/58rSWlT0IH1zdhQQpx7e00=",
        "owner": "Mic92",
        "repo": "sops-nix",
        "rev": "32d94573f7d8fe2c8c7874140990d0f49ea9d344",
        "type": "github"
      },
      "original": {
        "owner": "Mic92",
        "repo": "sops-nix",
        "type": "github"
      }
    },
    "stable": {
      "locked": {
        "lastModified": 1631545603,
        "narHash": "sha256-aT2UoEOnlEBpMRZKBLu/OBsDNTZQS48scjcL936VSLI=",
        "owner": "NixOS",
        "repo": "nixpkgs",
        "rev": "b3083bc6933eb7fa4ee7bd4802e9f72b56f3e654",
        "type": "github"
      },
      "original": {
        "owner": "NixOS",
        "ref": "nixos-21.05",
        "repo": "nixpkgs",
        "type": "github"
      }
    },
    "unstable": {
      "locked": {
        "lastModified": 1631470189,
        "narHash": "sha256-hkUPYlpNOY9nbG1ByRin9NzPAYnPtwq/nGxO/DoeZd0=",
        "owner": "NixOS",
        "repo": "nixpkgs",
        "rev": "364b5555ee04bf61ee0075a3adab4c9351a8d38c",
        "type": "github"
      },
      "original": {
        "owner": "NixOS",
        "ref": "nixos-unstable",
        "repo": "nixpkgs",
        "type": "github"
      }
    },
    "vim-horizon": {
      "flake": false,
      "locked": {
        "lastModified": 1611040948,
        "narHash": "sha256-DHhSzcNSK+SEg1BdaRY4UjXjMaKK1UOF3YYveM8Pt8k=",
        "owner": "ntk148v",
        "repo": "vim-horizon",
        "rev": "9c1c616981739764e0d70ee45a46964b1e036b31",
        "type": "github"
      },
      "original": {
        "owner": "ntk148v",
        "repo": "vim-horizon",
        "type": "github"
      }
    }
  },
  "root": "root",
  "version": 7
}
